
Microsoft Visual Studio Solution File, Format Version 12.00
# Visual Studio Version 17
VisualStudioVersion = 17.2.32505.173
MinimumVisualStudioVersion = 10.0.40219.1
Project("{FAE04EC0-301F-11D3-BF4B-00C04F79EFBC}") = "InterfaceAbstructDemo", "InterfaceAbstructDemo.csproj", "{1E31E695-6DA9-4AE0-BB5A-4A2EAE28BEF7}"
EndProject
Global
	GlobalSection(SolutionConfigurationPlatforms) = preSolution
		Debug|Any CPU = Debug|Any CPU
		Release|Any CPU = Release|Any CPU
	EndGlobalSection
	GlobalSection(ProjectConfigurationPlatforms) = postSolution
		{1E31E695-6DA9-4AE0-BB5A-4A2EAE28BEF7}.Debug|Any CPU.ActiveCfg = Debug|Any CPU
		{1E31E695-6DA9-4AE0-BB5A-4A2EAE28BEF7}.Debug|Any CPU.Build.0 = Debug|Any CPU
		{1E31E695-6DA9-4AE0-BB5A-4A2EAE28BEF7}.Release|Any CPU.ActiveCfg = Release|Any CPU
		{1E31E695-6DA9-4AE0-BB5A-4A2EAE28BEF7}.Release|Any CPU.Build.0 = Release|Any CPU
	EndGlobalSection
	GlobalSection(SolutionProperties) = preSolution
		HideSolutionNode = FALSE
	EndGlobalSection
	GlobalSection(ExtensibilityGlobals) = postSolution
		SolutionGuid = {4FC1FC70-4CCA-4608-AD94-680ECC0C4143}
	EndGlobalSection
EndGlobal
