
Microsoft Visual Studio Solution File, Format Version 12.00
# Visual Studio Version 17
VisualStudioVersion = 17.1.32319.34
MinimumVisualStudioVersion = 10.0.40219.1
Project("{FAE04EC0-301F-11D3-BF4B-00C04F79EFBC}") = "deneme1", "deneme1.csproj", "{6A1021EA-D8B6-4F54-BC2B-31CE724CE93B}"
EndProject
Global
	GlobalSection(SolutionConfigurationPlatforms) = preSolution
		Debug|Any CPU = Debug|Any CPU
		Release|Any CPU = Release|Any CPU
	EndGlobalSection
	GlobalSection(ProjectConfigurationPlatforms) = postSolution
		{6A1021EA-D8B6-4F54-BC2B-31CE724CE93B}.Debug|Any CPU.ActiveCfg = Debug|Any CPU
		{6A1021EA-D8B6-4F54-BC2B-31CE724CE93B}.Debug|Any CPU.Build.0 = Debug|Any CPU
		{6A1021EA-D8B6-4F54-BC2B-31CE724CE93B}.Release|Any CPU.ActiveCfg = Release|Any CPU
		{6A1021EA-D8B6-4F54-BC2B-31CE724CE93B}.Release|Any CPU.Build.0 = Release|Any CPU
	EndGlobalSection
	GlobalSection(SolutionProperties) = preSolution
		HideSolutionNode = FALSE
	EndGlobalSection
	GlobalSection(ExtensibilityGlobals) = postSolution
		SolutionGuid = {85FAE529-C3C0-4E82-BFC6-4AB64D4DAFC1}
	EndGlobalSection
EndGlobal
