
Microsoft Visual Studio Solution File, Format Version 12.00
# Visual Studio Version 17
VisualStudioVersion = 17.2.32505.173
MinimumVisualStudioVersion = 10.0.40219.1
Project("{FAE04EC0-301F-11D3-BF4B-00C04F79EFBC}") = "WorkAround", "WorkAround\WorkAround.csproj", "{1FE467E6-FC5E-458E-9B10-8B323AA41343}"
EndProject
Project("{FAE04EC0-301F-11D3-BF4B-00C04F79EFBC}") = "Entities", "Entities\Entities.csproj", "{45B4A8B0-6D9D-44E6-9612-30BF0E5575C4}"
EndProject
Project("{FAE04EC0-301F-11D3-BF4B-00C04F79EFBC}") = "Business", "Business\Business.csproj", "{A82404DD-1E0E-4F13-8964-71F4F9502164}"
EndProject
Global
	GlobalSection(SolutionConfigurationPlatforms) = preSolution
		Debug|Any CPU = Debug|Any CPU
		Release|Any CPU = Release|Any CPU
	EndGlobalSection
	GlobalSection(ProjectConfigurationPlatforms) = postSolution
		{1FE467E6-FC5E-458E-9B10-8B323AA41343}.Debug|Any CPU.ActiveCfg = Debug|Any CPU
		{1FE467E6-FC5E-458E-9B10-8B323AA41343}.Debug|Any CPU.Build.0 = Debug|Any CPU
		{1FE467E6-FC5E-458E-9B10-8B323AA41343}.Release|Any CPU.ActiveCfg = Release|Any CPU
		{1FE467E6-FC5E-458E-9B10-8B323AA41343}.Release|Any CPU.Build.0 = Release|Any CPU
		{45B4A8B0-6D9D-44E6-9612-30BF0E5575C4}.Debug|Any CPU.ActiveCfg = Debug|Any CPU
		{45B4A8B0-6D9D-44E6-9612-30BF0E5575C4}.Debug|Any CPU.Build.0 = Debug|Any CPU
		{45B4A8B0-6D9D-44E6-9612-30BF0E5575C4}.Release|Any CPU.ActiveCfg = Release|Any CPU
		{45B4A8B0-6D9D-44E6-9612-30BF0E5575C4}.Release|Any CPU.Build.0 = Release|Any CPU
		{A82404DD-1E0E-4F13-8964-71F4F9502164}.Debug|Any CPU.ActiveCfg = Debug|Any CPU
		{A82404DD-1E0E-4F13-8964-71F4F9502164}.Debug|Any CPU.Build.0 = Debug|Any CPU
		{A82404DD-1E0E-4F13-8964-71F4F9502164}.Release|Any CPU.ActiveCfg = Release|Any CPU
		{A82404DD-1E0E-4F13-8964-71F4F9502164}.Release|Any CPU.Build.0 = Release|Any CPU
	EndGlobalSection
	GlobalSection(SolutionProperties) = preSolution
		HideSolutionNode = FALSE
	EndGlobalSection
	GlobalSection(ExtensibilityGlobals) = postSolution
		SolutionGuid = {EA09B20F-73AB-4C44-B6BD-B06B52A2B5C4}
	EndGlobalSection
EndGlobal
